// !$*UTF8*$!
{
	archiveVersion = 1;
	classes = {
	};
	objectVersion = 50;
	objects = {

/* Begin PBXBuildFile section */
		FB876CB72293CE2C00794D34 /* AppDelegate.swift in Sources */ = {isa = PBXBuildFile; fileRef = FB876CB62293CE2C00794D34 /* AppDelegate.swift */; };
		FB876CB92293CE2C00794D34 /* art.scnassets in Resources */ = {isa = PBXBuildFile; fileRef = FB876CB82293CE2C00794D34 /* art.scnassets */; };
		FB876CBB2293CE2C00794D34 /* ViewController.swift in Sources */ = {isa = PBXBuildFile; fileRef = FB876CBA2293CE2C00794D34 /* ViewController.swift */; };
		FB876CBE2293CE2C00794D34 /* Main.storyboard in Resources */ = {isa = PBXBuildFile; fileRef = FB876CBC2293CE2C00794D34 /* Main.storyboard */; };
		FB876CC02293CE2E00794D34 /* Assets.xcassets in Resources */ = {isa = PBXBuildFile; fileRef = FB876CBF2293CE2E00794D34 /* Assets.xcassets */; };
		FB876CC32293CE2E00794D34 /* LaunchScreen.storyboard in Resources */ = {isa = PBXBuildFile; fileRef = FB876CC12293CE2E00794D34 /* LaunchScreen.storyboard */; };
/* End PBXBuildFile section */

/* Begin PBXFileReference section */
		FB876CB32293CE2C00794D34 /* ARKitImageTrackingSample.app */ = {isa = PBXFileReference; explicitFileType = wrapper.application; includeInIndex = 0; path = ARKitImageTrackingSample.app; sourceTree = BUILT_PRODUCTS_DIR; };
		FB876CB62293CE2C00794D34 /* AppDelegate.swift */ = {isa = PBXFileReference; lastKnownFileType = sourcecode.swift; path = AppDelegate.swift; sourceTree = "<group>"; };
		FB876CB82293CE2C00794D34 /* art.scnassets */ = {isa = PBXFileReference; lastKnownFileType = wrapper.scnassets; path = art.scnassets; sourceTree = "<group>"; };
		FB876CBA2293CE2C00794D34 /* ViewController.swift */ = {isa = PBXFileReference; lastKnownFileType = sourcecode.swift; path = ViewController.swift; sourceTree = "<group>"; };
		FB876CBD2293CE2C00794D34 /* Base */ = {isa = PBXFileReference; lastKnownFileType = file.storyboard; name = Base; path = Base.lproj/Main.storyboard; sourceTree = "<group>"; };
		FB876CBF2293CE2E00794D34 /* Assets.xcassets */ = {isa = PBXFileReference; lastKnownFileType = folder.assetcatalog; path = Assets.xcassets; sourceTree = "<group>"; };
		FB876CC22293CE2E00794D34 /* Base */ = {isa = PBXFileReference; lastKnownFileType = file.storyboard; name = Base; path = Base.lproj/LaunchScreen.storyboard; sourceTree = "<group>"; };
		FB876CC42293CE2E00794D34 /* Info.plist */ = {isa = PBXFileReference; lastKnownFileType = text.plist.xml; path = Info.plist; sourceTree = "<group>"; };
/* End PBXFileReference section */

/* Begin PBXFrameworksBuildPhase section */
		FB876CB02293CE2C00794D34 /* Frameworks */ = {
			isa = PBXFrameworksBuildPhase;
			buildActionMask = 2147483647;
			files = (
			);
			runOnlyForDeploymentPostprocessing = 0;
		};
/* End PBXFrameworksBuildPhase section */

/* Begin PBXGroup section */
		FB876CAA2293CE2C00794D34 = {
			isa = PBXGroup;
			children = (
				FB876CB52293CE2C00794D34 /* ARKitImageTrackingSample */,
				FB876CB42293CE2C00794D34 /* Products */,
			);
			sourceTree = "<group>";
		};
		FB876CB42293CE2C00794D34 /* Products */ = {
			isa = PBXGroup;
			children = (
				FB876CB32293CE2C00794D34 /* ARKitImageTrackingSample.app */,
			);
			name = Products;
			sourceTree = "<group>";
		};
		FB876CB52293CE2C00794D34 /* ARKitImageTrackingSample */ = {
			isa = PBXGroup;
			children = (
				FB876CB62293CE2C00794D34 /* AppDelegate.swift */,
				FB876CB82293CE2C00794D34 /* art.scnassets */,
				FB876CBA2293CE2C00794D34 /* ViewController.swift */,
				FB876CBC2293CE2C00794D34 /* Main.storyboard */,
				FB876CBF2293CE2E00794D34 /* Assets.xcassets */,
				FB876CC12293CE2E00794D34 /* LaunchScreen.storyboard */,
				FB876CC42293CE2E00794D34 /* Info.plist */,
			);
			path = ARKitImageTrackingSample;
			sourceTree = "<group>";
		};
/* End PBXGroup section */

/* Begin PBXNativeTarget section */
		FB876CB22293CE2C00794D34 /* ARKitImageTrackingSample */ = {
			isa = PBXNativeTarget;
			buildConfigurationList = FB876CC72293CE2E00794D34 /* Build configuration list for PBXNativeTarget "ARKitImageTrackingSample" */;
			buildPhases = (
				FB876CAF2293CE2C00794D34 /* Sources */,
				FB876CB02293CE2C00794D34 /* Frameworks */,
				FB876CB12293CE2C00794D34 /* Resources */,
			);
			buildRules = (
			);
			dependencies = (
			);
			name = ARKitImageTrackingSample;
			productName = ARKitImageTrackingSample;
			productReference = FB876CB32293CE2C00794D34 /* ARKitImageTrackingSample.app */;
			productType = "com.apple.product-type.application";
		};
/* End PBXNativeTarget section */

/* Begin PBXProject section */
		FB876CAB2293CE2C00794D34 /* Project object */ = {
			isa = PBXProject;
			attributes = {
				LastSwiftUpdateCheck = 1020;
				LastUpgradeCheck = 1020;
				ORGANIZATIONNAME = Kageken;
				TargetAttributes = {
					FB876CB22293CE2C00794D34 = {
						CreatedOnToolsVersion = 10.2.1;
					};
				};
			};
			buildConfigurationList = FB876CAE2293CE2C00794D34 /* Build configuration list for PBXProject "ARKitImageTrackingSample" */;
			compatibilityVersion = "Xcode 9.3";
			developmentRegion = en;
			hasScannedForEncodings = 0;
			knownRegions = (
				en,
				Base,
			);
			mainGroup = FB876CAA2293CE2C00794D34;
			productRefGroup = FB876CB42293CE2C00794D34 /* Products */;
			projectDirPath = "";
			projectRoot = "";
			targets = (
				FB876CB22293CE2C00794D34 /* ARKitImageTrackingSample */,
			);
		};
/* End PBXProject section */

/* Begin PBXResourcesBuildPhase section */
		FB876CB12293CE2C00794D34 /* Resources */ = {
			isa = PBXResourcesBuildPhase;
			buildActionMask = 2147483647;
			files = (
				FB876CB92293CE2C00794D34 /* art.scnassets in Resources */,
				FB876CC32293CE2E00794D34 /* LaunchScreen.storyboard in Resources */,
				FB876CC02293CE2E00794D34 /* Assets.xcassets in Resources */,
				FB876CBE2293CE2C00794D34 /* Main.storyboard in Resources */,
			);
			runOnlyForDeploymentPostprocessing = 0;
		};
/* End PBXResourcesBuildPhase section */

/* Begin PBXSourcesBuildPhase section */
		FB876CAF2293CE2C00794D34 /* Sources */ = {
			isa = PBXSourcesBuildPhase;
			buildActionMask = 2147483647;
			files = (
				FB876CBB2293CE2C00794D34 /* ViewController.swift in Sources */,
				FB876CB72293CE2C00794D34 /* AppDelegate.swift in Sources */,
			);
			runOnlyForDeploymentPostprocessing = 0;
		};
/* End PBXSourcesBuildPhase section */

/* Begin PBXVariantGroup section */
		FB876CBC2293CE2C00794D34 /* Main.storyboard */ = {
			isa = PBXVariantGroup;
			children = (
				FB876CBD2293CE2C00794D34 /* Base */,
			);
			name = Main.storyboard;
			sourceTree = "<group>";
		};
		FB876CC12293CE2E00794D34 /* LaunchScreen.storyboard */ = {
			isa = PBXVariantGroup;
			children = (
				FB876CC22293CE2E00794D34 /* Base */,
			);
			name = LaunchScreen.storyboard;
			sourceTree = "<group>";
		};
/* End PBXVariantGroup section */

/* Begin XCBuildConfiguration section */
		FB876CC52293CE2E00794D34 /* Debug */ = {
			isa = XCBuildConfiguration;
			buildSettings = {
				ALWAYS_SEARCH_USER_PATHS = NO;
				CLANG_ANALYZER_NONNULL = YES;
				CLANG_ANALYZER_NUMBER_OBJECT_CONVERSION = YES_AGGRESSIVE;
				CLANG_CXX_LANGUAGE_STANDARD = "gnu++14";
				CLANG_CXX_LIBRARY = "libc++";
				CLANG_ENABLE_MODULES = YES;
				CLANG_ENABLE_OBJC_ARC = YES;
				CLANG_ENABLE_OBJC_WEAK = YES;
				CLANG_WARN_BLOCK_CAPTURE_AUTORELEASING = YES;
				CLANG_WARN_BOOL_CONVERSION = YES;
				CLANG_WARN_COMMA = YES;
				CLANG_WARN_CONSTANT_CONVERSION = YES;
				CLANG_WARN_DEPRECATED_OBJC_IMPLEMENTATIONS = YES;
				CLANG_WARN_DIRECT_OBJC_ISA_USAGE = YES_ERROR;
				CLANG_WARN_DOCUMENTATION_COMMENTS = YES;
				CLANG_WARN_EMPTY_BODY = YES;
				CLANG_WARN_ENUM_CONVERSION = YES;
				CLANG_WARN_INFINITE_RECURSION = YES;
				CLANG_WARN_INT_CONVERSION = YES;
				CLANG_WARN_NON_LITERAL_NULL_CONVERSION = YES;
				CLANG_WARN_OBJC_IMPLICIT_RETAIN_SELF = YES;
				CLANG_WARN_OBJC_LITERAL_CONVERSION = YES;
				CLANG_WARN_OBJC_ROOT_CLASS = YES_ERROR;
				CLANG_WARN_RANGE_LOOP_ANALYSIS = YES;
				CLANG_WARN_STRICT_PROTOTYPES = YES;
				CLANG_WARN_SUSPICIOUS_MOVE = YES;
				CLANG_WARN_UNGUARDED_AVAILABILITY = YES_AGGRESSIVE;
				CLANG_WARN_UNREACHABLE_CODE = YES;
				CLANG_WARN__DUPLICATE_METHOD_MATCH = YES;
				CODE_SIGN_IDENTITY = "iPhone Developer";
				COPY_PHASE_STRIP = NO;
				DEBUG_INFORMATION_FORMAT = dwarf;
				ENABLE_STRICT_OBJC_MSGSEND = YES;
				ENABLE_TESTABILITY = YES;
				GCC_C_LANGUAGE_STANDARD = gnu11;
				GCC_DYNAMIC_NO_PIC = NO;
				GCC_NO_COMMON_BLOCKS = YES;
				GCC_OPTIMIZATION_LEVEL = 0;
				GCC_PREPROCESSOR_DEFINITIONS = (
					"DEBUG=1",
					"$(inherited)",
				);
				GCC_WARN_64_TO_32_BIT_CONVERSION = YES;
				GCC_WARN_ABOUT_RETURN_TYPE = YES_ERROR;
				GCC_WARN_UNDECLARED_SELECTOR = YES;
				GCC_WARN_UNINITIALIZED_AUTOS = YES_AGGRESSIVE;
				GCC_WARN_UNUSED_FUNCTION = YES;
				GCC_WARN_UNUSED_VARIABLE = YES;
				IPHONEOS_DEPLOYMENT_TARGET = 12.2;
				MTL_ENABLE_DEBUG_INFO = INCLUDE_SOURCE;
				MTL_FAST_MATH = YES;
				ONLY_ACTIVE_ARCH = YES;
				SDKROOT = iphoneos;
				SWIFT_ACTIVE_COMPILATION_CONDITIONS = DEBUG;
				SWIFT_OPTIMIZATION_LEVEL = "-Onone";
			};
			name = Debug;
		};
		FB876CC62293CE2E00794D34 /* Release */ = {
			isa = XCBuildConfiguration;
			buildSettings = {
				ALWAYS_SEARCH_USER_PATHS = NO;
				CLANG_ANALYZER_NONNULL = YES;
				CLANG_ANALYZER_NUMBER_OBJECT_CONVERSION = YES_AGGRESSIVE;
				CLANG_CXX_LANGUAGE_STANDARD = "gnu++14";
				CLANG_CXX_LIBRARY = "libc++";
				CLANG_ENABLE_MODULES = YES;
				CLANG_ENABLE_OBJC_ARC = YES;
				CLANG_ENABLE_OBJC_WEAK = YES;
				CLANG_WARN_BLOCK_CAPTURE_AUTORELEASING = YES;
				CLANG_WARN_BOOL_CONVERSION = YES;
				CLANG_WARN_COMMA = YES;
				CLANG_WARN_CONSTANT_CONVERSION = YES;
				CLANG_WARN_DEPRECATED_OBJC_IMPLEMENTATIONS = YES;
				CLANG_WARN_DIRECT_OBJC_ISA_USAGE = YES_ERROR;
				CLANG_WARN_DOCUMENTATION_COMMENTS = YES;
				CLANG_WARN_EMPTY_BODY = YES;
				CLANG_WARN_ENUM_CONVERSION = YES;
				CLANG_WARN_INFINITE_RECURSION = YES;
				CLANG_WARN_INT_CONVERSION = YES;
				CLANG_WARN_NON_LITERAL_NULL_CONVERSION = YES;
				CLANG_WARN_OBJC_IMPLICIT_RETAIN_SELF = YES;
				CLANG_WARN_OBJC_LITERAL_CONVERSION = YES;
				CLANG_WARN_OBJC_ROOT_CLASS = YES_ERROR;
				CLANG_WARN_RANGE_LOOP_ANALYSIS = YES;
				CLANG_WARN_STRICT_PROTOTYPES = YES;
				CLANG_WARN_SUSPICIOUS_MOVE = YES;
				CLANG_WARN_UNGUARDED_AVAILABILITY = YES_AGGRESSIVE;
				CLANG_WARN_UNREACHABLE_CODE = YES;
				CLANG_WARN__DUPLICATE_METHOD_MATCH = YES;
				CODE_SIGN_IDENTITY = "iPhone Developer";
				COPY_PHASE_STRIP = NO;
				DEBUG_INFORMATION_FORMAT = "dwarf-with-dsym";
				ENABLE_NS_ASSERTIONS = NO;
				ENABLE_STRICT_OBJC_MSGSEND = YES;
				GCC_C_LANGUAGE_STANDARD = gnu11;
				GCC_NO_COMMON_BLOCKS = YES;
				GCC_WARN_64_TO_32_BIT_CONVERSION = YES;
				GCC_WARN_ABOUT_RETURN_TYPE = YES_ERROR;
				GCC_WARN_UNDECLARED_SELECTOR = YES;
				GCC_WARN_UNINITIALIZED_AUTOS = YES_AGGRESSIVE;
				GCC_WARN_UNUSED_FUNCTION = YES;
				GCC_WARN_UNUSED_VARIABLE = YES;
				IPHONEOS_DEPLOYMENT_TARGET = 12.2;
				MTL_ENABLE_DEBUG_INFO = NO;
				MTL_FAST_MATH = YES;
				SDKROOT = iphoneos;
				SWIFT_COMPILATION_MODE = wholemodule;
				SWIFT_OPTIMIZATION_LEVEL = "-O";
				VALIDATE_PRODUCT = YES;
			};
			name = Release;
		};
		FB876CC82293CE2E00794D34 /* Debug */ = {
			isa = XCBuildConfiguration;
			buildSettings = {
				ASSETCATALOG_COMPILER_APPICON_NAME = AppIcon;
				CODE_SIGN_STYLE = Automatic;
				DEVELOPMENT_TEAM = 56GPH5VFNS;
				INFOPLIST_FILE = ARKitImageTrackingSample/Info.plist;
				LD_RUNPATH_SEARCH_PATHS = (
					"$(inherited)",
					"@executable_path/Frameworks",
				);
				PRODUCT_BUNDLE_IDENTIFIER = Kageken.ARKitImageTrackingSample;
				PRODUCT_NAME = "$(TARGET_NAME)";
				SWIFT_VERSION = 5.0;
				TARGETED_DEVICE_FAMILY = "1,2";
			};
			name = Debug;
		};
		FB876CC92293CE2E00794D34 /* Release */ = {
			isa = XCBuildConfiguration;
			buildSettings = {
				ASSETCATALOG_COMPILER_APPICON_NAME = AppIcon;
				CODE_SIGN_STYLE = Automatic;
				DEVELOPMENT_TEAM = 56GPH5VFNS;
				INFOPLIST_FILE = ARKitImageTrackingSample/Info.plist;
				LD_RUNPATH_SEARCH_PATHS = (
					"$(inherited)",
					"@executable_path/Frameworks",
				);
				PRODUCT_BUNDLE_IDENTIFIER = Kageken.ARKitImageTrackingSample;
				PRODUCT_NAME = "$(TARGET_NAME)";
				SWIFT_VERSION = 5.0;
				TARGETED_DEVICE_FAMILY = "1,2";
			};
			name = Release;
		};
/* End XCBuildConfiguration section */

/* Begin XCConfigurationList section */
		FB876CAE2293CE2C00794D34 /* Build configuration list for PBXProject "ARKitImageTrackingSample" */ = {
			isa = XCConfigurationList;
			buildConfigurations = (
				FB876CC52293CE2E00794D34 /* Debug */,
				FB876CC62293CE2E00794D34 /* Release */,
			);
			defaultConfigurationIsVisible = 0;
			defaultConfigurationName = Release;
		};
		FB876CC72293CE2E00794D34 /* Build configuration list for PBXNativeTarget "ARKitImageTrackingSample" */ = {
			isa = XCConfigurationList;
			buildConfigurations = (
				FB876CC82293CE2E00794D34 /* Debug */,
				FB876CC92293CE2E00794D34 /* Release */,
			);
			defaultConfigurationIsVisible = 0;
			defaultConfigurationName = Release;
		};
/* End XCConfigurationList section */
	};
	rootObject = FB876CAB2293CE2C00794D34 /* Project object */;
}
